
Microsoft Visual Studio Solution File, Format Version 12.00
# Visual Studio 15
VisualStudioVersion = 15.0.28307.960
MinimumVisualStudioVersion = 10.0.40219.1
Project("{8BC9CEB8-8B4A-11D0-8D11-00A0C91BC942}") = "Crate", "Crate\Crate.vcxproj", "{416D994E-46AE-48C1-A53A-4178BF2A81DD}"
EndProject
Global
	GlobalSection(SolutionConfigurationPlatforms) = preSolution
		Debug|x64 = Debug|x64
		Debug|x86 = Debug|x86
		Release|x64 = Release|x64
		Release|x86 = Release|x86
	EndGlobalSection
	GlobalSection(ProjectConfigurationPlatforms) = postSolution
		{416D994E-46AE-48C1-A53A-4178BF2A81DD}.Debug|x64.ActiveCfg = Debug|x64
		{416D994E-46AE-48C1-A53A-4178BF2A81DD}.Debug|x64.Build.0 = Debug|x64
		{416D994E-46AE-48C1-A53A-4178BF2A81DD}.Debug|x86.ActiveCfg = Debug|Win32
		{416D994E-46AE-48C1-A53A-4178BF2A81DD}.Debug|x86.Build.0 = Debug|Win32
		{416D994E-46AE-48C1-A53A-4178BF2A81DD}.Release|x64.ActiveCfg = Release|x64
		{416D994E-46AE-48C1-A53A-4178BF2A81DD}.Release|x64.Build.0 = Release|x64
		{416D994E-46AE-48C1-A53A-4178BF2A81DD}.Release|x86.ActiveCfg = Release|Win32
		{416D994E-46AE-48C1-A53A-4178BF2A81DD}.Release|x86.Build.0 = Release|Win32
	EndGlobalSection
	GlobalSection(SolutionProperties) = preSolution
		HideSolutionNode = FALSE
	EndGlobalSection
	GlobalSection(ExtensibilityGlobals) = postSolution
		SolutionGuid = {DAAAB3F0-7E60-449E-9512-667A5A5580CE}
	EndGlobalSection
EndGlobal
